{
  "version": "5",
  "specifiers": {
    "jsr:@std/crypto@^1.0.5": "1.0.5",
    "npm:@fontsource/inter@^5.2.6": "5.2.6",
    "npm:@fontsource/poppins@^5.2.6": "5.2.6",
    "npm:bcrypt@6": "6.0.0",
    "npm:dotenv@^17.2.1": "17.2.1",
    "npm:globals@^15.9.0": "15.15.0",
    "npm:pg@^8.16.3": "8.16.3"
  },
  "jsr": {
    "@std/crypto@1.0.5": {
      "integrity": "0dcfbb319fe0bba1bd3af904ceb4f948cde1b92979ec1614528380ed308a3b40"
    }
  },
  "npm": {
    "@fontsource/inter@5.2.6": {
      "integrity": "sha512-CZs9S1CrjD0jPwsNy9W6j0BhsmRSQrgwlTNkgQXTsAeDRM42LBRLo3eo9gCzfH4GvV7zpyf78Ozfl773826csw=="
    },
    "@fontsource/poppins@5.2.6": {
      "integrity": "sha512-NFr0121+vWCfzLDVvSZOzwAjRUaNj6QHA9gtUh/KHHoWf1Qn23EkwVFs63XZ6UtF5K1b3UNmCx77YEMGgV7BOQ=="
    },
    "bcrypt@6.0.0": {
      "integrity": "sha512-cU8v/EGSrnH+HnxV2z0J7/blxH8gq7Xh2JFT6Aroax7UohdmiJJlxApMxtKfuI7z68NvvVcmR78k2LbT6efhRg==",
      "dependencies": [
        "node-addon-api",
        "node-gyp-build"
      ],
      "scripts": true
    },
    "dotenv@17.2.1": {
      "integrity": "sha512-kQhDYKZecqnM0fCnzI5eIv5L4cAe/iRI+HqMbO/hbRdTAeXDG+M9FjipUxNfbARuEg4iHIbhnhs78BCHNbSxEQ=="
    },
    "globals@15.15.0": {
      "integrity": "sha512-7ACyT3wmyp3I61S4fG682L0VA2RGD9otkqGJIwNUMF1SWUombIIk+af1unuDYgMm082aHYwD+mzJvv9Iu8dsgg=="
    },
    "node-addon-api@8.5.0": {
      "integrity": "sha512-/bRZty2mXUIFY/xU5HLvveNHlswNJej+RnxBjOMkidWfwZzgTbPG1E3K5TOxRLOR+5hX7bSofy8yf1hZevMS8A=="
    },
    "node-gyp-build@4.8.4": {
      "integrity": "sha512-LA4ZjwlnUblHVgq0oBF3Jl/6h/Nvs5fzBLwdEF4nuxnFdsfajde4WfxtJr3CaiH+F6ewcIB/q4jQ4UzPyid+CQ==",
      "bin": true
    },
    "pg-cloudflare@1.2.7": {
      "integrity": "sha512-YgCtzMH0ptvZJslLM1ffsY4EuGaU0cx4XSdXLRFae8bPP4dS5xL1tNB3k2o/N64cHJpwU7dxKli/nZ2lUa5fLg=="
    },
    "pg-connection-string@2.9.1": {
      "integrity": "sha512-nkc6NpDcvPVpZXxrreI/FOtX3XemeLl8E0qFr6F2Lrm/I8WOnaWNhIPK2Z7OHpw7gh5XJThi6j6ppgNoaT1w4w=="
    },
    "pg-int8@1.0.1": {
      "integrity": "sha512-WCtabS6t3c8SkpDBUlb1kjOs7l66xsGdKpIPZsg4wR+B3+u9UAum2odSsF9tnvxg80h4ZxLWMy4pRjOsFIqQpw=="
    },
    "pg-pool@3.10.1_pg@8.16.3": {
      "integrity": "sha512-Tu8jMlcX+9d8+QVzKIvM/uJtp07PKr82IUOYEphaWcoBhIYkoHpLXN3qO59nAI11ripznDsEzEv8nUxBVWajGg==",
      "dependencies": [
        "pg"
      ]
    },
    "pg-protocol@1.10.3": {
      "integrity": "sha512-6DIBgBQaTKDJyxnXaLiLR8wBpQQcGWuAESkRBX/t6OwA8YsqP+iVSiond2EDy6Y/dsGk8rh/jtax3js5NeV7JQ=="
    },
    "pg-types@2.2.0": {
      "integrity": "sha512-qTAAlrEsl8s4OiEQY69wDvcMIdQN6wdz5ojQiOy6YRMuynxenON0O5oCpJI6lshc6scgAY8qvJ2On/p+CXY0GA==",
      "dependencies": [
        "pg-int8",
        "postgres-array",
        "postgres-bytea",
        "postgres-date",
        "postgres-interval"
      ]
    },
    "pg@8.16.3": {
      "integrity": "sha512-enxc1h0jA/aq5oSDMvqyW3q89ra6XIIDZgCX9vkMrnz5DFTw/Ny3Li2lFQ+pt3L6MCgm/5o2o8HW9hiJji+xvw==",
      "dependencies": [
        "pg-connection-string",
        "pg-pool",
        "pg-protocol",
        "pg-types",
        "pgpass"
      ],
      "optionalDependencies": [
        "pg-cloudflare"
      ]
    },
    "pgpass@1.0.5": {
      "integrity": "sha512-FdW9r/jQZhSeohs1Z3sI1yxFQNFvMcnmfuj4WBMUTxOrAyLMaTcE1aAMBiTlbMNaXvBCQuVi0R7hd8udDSP7ug==",
      "dependencies": [
        "split2"
      ]
    },
    "postgres-array@2.0.0": {
      "integrity": "sha512-VpZrUqU5A69eQyW2c5CA1jtLecCsN2U/bD6VilrFDWq5+5UIEVO7nazS3TEcHf1zuPYO/sqGvUvW62g86RXZuA=="
    },
    "postgres-bytea@1.0.0": {
      "integrity": "sha512-xy3pmLuQqRBZBXDULy7KbaitYqLcmxigw14Q5sj8QBVLqEwXfeybIKVWiqAXTlcvdvb0+xkOtDbfQMOf4lST1w=="
    },
    "postgres-date@1.0.7": {
      "integrity": "sha512-suDmjLVQg78nMK2UZ454hAG+OAW+HQPZ6n++TNDUX+L0+uUlLywnoxJKDou51Zm+zTCjrCl0Nq6J9C5hP9vK/Q=="
    },
    "postgres-interval@1.2.0": {
      "integrity": "sha512-9ZhXKM/rw350N1ovuWHbGxnGh/SNJ4cnxHiM0rxE4VN41wsg8P8zWn9hv/buK00RP4WvlOyr/RBDiptyxVbkZQ==",
      "dependencies": [
        "xtend"
      ]
    },
    "split2@4.2.0": {
      "integrity": "sha512-UcjcJOWknrNkF6PLX83qcHM6KHgVKNkV62Y8a5uYDVv9ydGQVwAHMKqHdJje1VTWpljG0WYpCDhrCdAOYH4TWg=="
    },
    "xtend@4.0.2": {
      "integrity": "sha512-LKYU1iAXJXUgAXn9URjiu+MWhyUXHsvfp7mcuYm9dSUKK0/CjtrUwFAxD82/mCWbtLsGjFIad0wIsod4zrTAEQ=="
    }
  },
  "redirects": {
    "https://esm.sh/@google/generative-ai": "https://esm.sh/@google/generative-ai@0.24.1",
    "https://esm.sh/@supabase/functions-js@2": "https://esm.sh/@supabase/functions-js@2.4.5",
    "https://esm.sh/@supabase/node-fetch@^2.6.13?target=denonext": "https://esm.sh/@supabase/node-fetch@2.6.15?target=denonext",
    "https://esm.sh/@supabase/node-fetch@^2.6.14?target=denonext": "https://esm.sh/@supabase/node-fetch@2.6.15?target=denonext",
    "https://esm.sh/@supabase/storage-js@^2.10.4?target=denonext": "https://esm.sh/@supabase/storage-js@2.11.0?target=denonext",
    "https://esm.sh/@supabase/supabase-js@2": "https://esm.sh/@supabase/supabase-js@2.56.1",
    "https://esm.sh/source-map@^0.6.1?target=denonext": "https://esm.sh/source-map@0.6.1?target=denonext",
    "https://esm.sh/tr46@~0.0.3?target=denonext": "https://esm.sh/tr46@0.0.3?target=denonext",
    "https://esm.sh/webidl-conversions@^3.0.0?target=denonext": "https://esm.sh/webidl-conversions@3.0.1?target=denonext",
    "https://esm.sh/whatwg-url@^5.0.0?target=denonext": "https://esm.sh/whatwg-url@5.0.0?target=denonext"
  },
  "remote": {
    "https://cdn.skypack.dev/-/@supabase/auth-js@v2.71.1-AlHYteRyQCX9wKq1xinZ/dist=es2019,mode=imports/optimized/@supabase/auth-js.js": "8655ad799d3b512e89687a8f9d6a8057c333a77c7e3baa96a5c545b755895af2",
    "https://cdn.skypack.dev/-/@supabase/functions-js@v2.4.5-VCUaMBIIyGfBAInQftVX/dist=es2019,mode=imports/optimized/@supabase/functions-js.js": "9e1eb11ec134cdf38459780b0eb4def76ed2479b012e1291a35e8e9b12bc9c35",
    "https://cdn.skypack.dev/-/@supabase/node-fetch@v2.6.13-xnkSI801bGLE4chIflSf/dist=es2019,mode=imports/optimized/@supabase/node-fetch.js": "5b88ee562ac5cf05392894a91b73b530bfdff339cd80d89478a1af2ca5c4cbc3",
    "https://cdn.skypack.dev/-/@supabase/node-fetch@v2.6.15-c5DrO8K0MoiPZxDi1V2L/dist=es2019,mode=imports/optimized/@supabase/node-fetch.js": "13c594130f698a0a5c59a76ceeff4c9b8749204b1c2754339a71cc1b388d6c02",
    "https://cdn.skypack.dev/-/@supabase/postgrest-js@v1.21.3-iEmGHhKWzW8MUMeJjMWW/dist=es2019,mode=imports/optimized/@supabase/postgrest-js.js": "758e714f13cceb1c3e8e390848e41588a4ccc4704fb71e72c0b5c979a4fe1df0",
    "https://cdn.skypack.dev/-/@supabase/realtime-js@v2.15.1-2SR5omavZgTL14f5DFJl/dist=es2019,mode=imports/optimized/@supabase/realtime-js.js": "55743b76b537052a500512381fde3088894921a7c8a38cbe9ceea62500314b4f",
    "https://cdn.skypack.dev/-/@supabase/storage-js@v2.11.0-lNY5Fg6hPLXP5uT5O7Rx/dist=es2019,mode=imports/optimized/@supabase/storage-js.js": "eede7ae27bbc24801e9dcd05bf0673fa75512fca1f1999249652a8b606fc0106",
    "https://cdn.skypack.dev/-/@supabase/supabase-js@v2.56.0-MYz3s9KNIRbeklFZ9wvc/dist=es2019,mode=imports/optimized/@supabase/supabase-js.js": "90637ea3907c84d9c0d0c56d0f0d5af741b0a024fa8ff1c0234eb3d86bcc6e5b",
    "https://cdn.skypack.dev/-/tr46@v0.0.3-g8L3nUBr7iQKHWT9hlqt/dist=es2019,mode=imports/optimized/tr46.js": "f1fb3f80dd030a59cdaec2262c7af3b32a4b84d79a03cbb1a39cd9630d6b7531",
    "https://cdn.skypack.dev/-/webidl-conversions@v3.0.1-GY5fXnDc2qvItF1WyTAj/dist=es2019,mode=imports/optimized/webidl-conversions.js": "82fe736dc3b93208afd375ccf971a4f15af6efeae4566f4a65a7636aed1e4bdd",
    "https://cdn.skypack.dev/-/whatwg-url@v5.0.0-C64POYFrBF3pdn8fr7bK/dist=es2019,mode=imports/optimized/whatwg-url.js": "7aa5bc32e574cea5e52fd38551da7d607d9cf34426c62ea7a1bbd24f23bf8d36",
    "https://cdn.skypack.dev/@supabase/supabase-js": "ae03a7982b66bdc2a426246dc4f746a76e8f0824f8707f14dd9063359f1e9383",
    "https://cdn.skypack.dev/error/node:http?from=@supabase/node-fetch": "379b2dcc3e556fce583485a0f205e03b9e7d3a56096567c30aa6d72438ef6074",
    "https://cdn.skypack.dev/error/node:https?from=@supabase/node-fetch": "1f7856c41a544be5c7386c370b8702908b203c1000e817bb5a3f0f182bc1fbab",
    "https://cdn.skypack.dev/error/node:node:punycode?from=whatwg-url": "75622b5f3eda8ee7f33f5d089c3d2bdab316fe02eda27be5de0885591837d386",
    "https://cdn.skypack.dev/error/node:punycode?from=@supabase/node-fetch": "c943fab10272eb52d812b8fd2683c135e45b7a8de66ca50857871cefafa92e9a",
    "https://cdn.skypack.dev/error/node:punycode?from=tr46": "66f00d624678f4956da544278df08998ecd52029111d9f5af4298eeb104f9a5d",
    "https://cdn.skypack.dev/error/node:punycode?from=whatwg-url": "1d4a48832b8f66b88f100091dfb6d7af030deb9d2510e6e0910357009e1285d2",
    "https://cdn.skypack.dev/error/node:string_decoder?from=@supabase/node-fetch": "6f386ffb4c43114f6c3f3becc35a41e6f6555e3c61c6c1a55e8630991d62c8ae",
    "https://cdn.skypack.dev/error/node:zlib?from=@supabase/node-fetch": "7664823b18ff246acb243cfce0546b0c0c9f629b4d29dc2dc77df996a0c74f2d",
    "https://deno.land/std@0.110.0/_util/assert.ts": "2f868145a042a11d5ad0a3c748dcf580add8a0dbc0e876eaa0026303a5488f58",
    "https://deno.land/std@0.110.0/_util/os.ts": "dfb186cc4e968c770ab6cc3288bd65f4871be03b93beecae57d657232ecffcac",
    "https://deno.land/std@0.110.0/fs/_util.ts": "f2ce811350236ea8c28450ed822a5f42a0892316515b1cd61321dec13569c56b",
    "https://deno.land/std@0.110.0/fs/copy.ts": "631bbafbfe6cba282158abc8aeb7e8251cc69a7ec28ce12878ea1b75fec2add4",
    "https://deno.land/std@0.110.0/fs/empty_dir.ts": "5f08b263dd064dc7917c4bbeb13de0f5505a664b9cdfe312fa86e7518cfaeb84",
    "https://deno.land/std@0.110.0/fs/ensure_dir.ts": "b7c103dc41a3d1dbbb522bf183c519c37065fdc234831a4a0f7d671b1ed5fea7",
    "https://deno.land/std@0.110.0/fs/ensure_file.ts": "c06031af24368e80c330897e4b8e9109efc8602ffabc8f3e2306be07529e1d13",
    "https://deno.land/std@0.110.0/fs/ensure_link.ts": "26e54363508b822afd87a3f6e873bbbcd6b5993dd638f8170758c16262a75065",
    "https://deno.land/std@0.110.0/fs/ensure_symlink.ts": "c07b6d19ef58b6f5c671ffa942e7f9be50315f4f78e2f9f511626fd2e13beccc",
    "https://deno.land/std@0.110.0/fs/eol.ts": "afaebaaac36f48c423b920c836551997715672b80a0fee9aa7667c181a94f2df",
    "https://deno.land/std@0.110.0/fs/exists.ts": "b0d2e31654819cc2a8d37df45d6b14686c0cc1d802e9ff09e902a63e98b85a00",
    "https://deno.land/std@0.110.0/fs/expand_glob.ts": "756e8f9a06cd25e05f62b2941657f6f3fc73563bf77f14edaa472eaf9949910e",
    "https://deno.land/std@0.110.0/fs/mod.ts": "26eee4b52a8c516e37d464094b080ff6822883e7f01ff0ba0a72b8dcd54b9927",
    "https://deno.land/std@0.110.0/fs/move.ts": "4623058e39bbbeb3ad30aeff9c974c55d2d574ad7c480295c12b04c244686a99",
    "https://deno.land/std@0.110.0/fs/walk.ts": "f633829f967d2979ab285dbfb09eb0d7d000fd175b95156b63fcede435d1a807",
    "https://deno.land/std@0.110.0/path/_constants.ts": "1247fee4a79b70c89f23499691ef169b41b6ccf01887a0abd131009c5581b853",
    "https://deno.land/std@0.110.0/path/_interface.ts": "1fa73b02aaa24867e481a48492b44f2598cd9dfa513c7b34001437007d3642e4",
    "https://deno.land/std@0.110.0/path/_util.ts": "2e06a3b9e79beaf62687196bd4b60a4c391d862cfa007a20fc3a39f778ba073b",
    "https://deno.land/std@0.110.0/path/common.ts": "f41a38a0719a1e85aa11c6ba3bea5e37c15dd009d705bd8873f94c833568cbc4",
    "https://deno.land/std@0.110.0/path/glob.ts": "46708a3249cb5dc4a116cae3055114d6339bd5f0c1f412db6a4e0cb44c828a7d",
    "https://deno.land/std@0.110.0/path/mod.ts": "4465dc494f271b02569edbb4a18d727063b5dbd6ed84283ff906260970a15d12",
    "https://deno.land/std@0.110.0/path/posix.ts": "34349174b9cd121625a2810837a82dd8b986bbaaad5ade690d1de75bbb4555b2",
    "https://deno.land/std@0.110.0/path/separator.ts": "8fdcf289b1b76fd726a508f57d3370ca029ae6976fcde5044007f062e643ff1c",
    "https://deno.land/std@0.110.0/path/win32.ts": "2edb2f71f10578ee1168de01a8cbd3c65483e45a46bc2fa3156a0c6bfbd2720d",
    "https://deno.land/std@0.181.0/async/abortable.ts": "fd682fa46f3b7b16b4606a5ab52a7ce309434b76f820d3221bdfb862719a15d7",
    "https://deno.land/std@0.181.0/async/deadline.ts": "c5facb0b404eede83e38bd2717ea8ab34faa2ffb20ef87fd261fcba32ba307aa",
    "https://deno.land/std@0.181.0/async/debounce.ts": "adab11d04ca38d699444ac8a9d9856b4155e8dda2afd07ce78276c01ea5a4332",
    "https://deno.land/std@0.181.0/async/deferred.ts": "42790112f36a75a57db4a96d33974a936deb7b04d25c6084a9fa8a49f135def8",
    "https://deno.land/std@0.181.0/async/delay.ts": "73aa04cec034c84fc748c7be49bb15cac3dd43a57174bfdb7a4aec22c248f0dd",
    "https://deno.land/std@0.181.0/async/mod.ts": "f04344fa21738e5ad6bea37a6bfffd57c617c2d372bb9f9dcfd118a1b622e576",
    "https://deno.land/std@0.181.0/async/mux_async_iterator.ts": "70c7f2ee4e9466161350473ad61cac0b9f115cff4c552eaa7ef9d50c4cbb4cc9",
    "https://deno.land/std@0.181.0/async/pool.ts": "fd082bd4aaf26445909889435a5c74334c017847842ec035739b4ae637ae8260",
    "https://deno.land/std@0.181.0/async/retry.ts": "dd19d93033d8eaddbfcb7654c0366e9d3b0a21448bdb06eba4a7d8a8cf936a92",
    "https://deno.land/std@0.181.0/async/tee.ts": "47e42d35f622650b02234d43803d0383a89eb4387e1b83b5a40106d18ae36757",
    "https://deno.land/std@0.181.0/http/server.ts": "cbb17b594651215ba95c01a395700684e569c165a567e4e04bba327f41197433",
    "https://deno.land/x/handlebars@v0.8.0/mod.ts": "ab92714e90d19121a735455332460ca9c5869ccc7840189f52094fe0b70e2d23",
    "https://dev.jspm.io/handlebars@4.7.6": "26ba31abe93897a86390da422b3488a253fc7976ae6b7454961842e3a7cf741a",
    "https://dev.jspm.io/npm:@jspm/core@2.0.1/_/0545670c.js": "468e254a0e5f7801333f217fcee046141186bd0a960018c893d73910bd754b71",
    "https://dev.jspm.io/npm:@jspm/core@2.0.1/_/3fe460d2.js": "991599d7a4ccc93f3dc0808aa706e713fd80a80fc8d21ec1fd28a96832030572",
    "https://dev.jspm.io/npm:@jspm/core@2.0.1/_/57403c48.js": "3fa9c20fb03311a58a652563a4c935f6e7666113d2f725a6458893bfbac75e5f",
    "https://dev.jspm.io/npm:@jspm/core@2.0.1/_/633ae550.js": "65a4b416c1a22251ee020c55496de44a08ae247d4108898dfc0f4753df829fc5",
    "https://dev.jspm.io/npm:@jspm/core@2.0.1/_/8dc3f476.js": "55ff556fbd358ec01e78b1bc31d4d22baf1479046e42ea17f712b58ea96ba535",
    "https://dev.jspm.io/npm:@jspm/core@2.0.1/_/8ddf35de.js": "c05f3a1431f18571f87b59b7d3cda65c8983712c9b424b5574623975dcc68863",
    "https://dev.jspm.io/npm:@jspm/core@2.0.1/_/a17f45f2.js": "a36e172b43861a826c2258b8735525a1b13eb59c198ee808b016586d02dab38f",
    "https://dev.jspm.io/npm:@jspm/core@2.0.1/_/a421dfba.js": "ec016925d8e0ec5e5b56c0847212c1113edce320f5f6920d241ee00ee115d172",
    "https://dev.jspm.io/npm:@jspm/core@2.0.1/_/c5b352d6.js": "991006a876c2c17414e1884022c7c96a5cbe9a4fc9ec1abd717ac3d0ee7d4c55",
    "https://dev.jspm.io/npm:@jspm/core@2.0.1/_/cb95b980.js": "e20e42c770070c4326cb18192218b59e90a5378cdc57897f0c5f3b99ae054f07",
    "https://dev.jspm.io/npm:@jspm/core@2.0.1/_/e0803811.js": "1f6fe590fd0eeb59d9911633c388a4d97bea171f10ad260bc63b6702eb6d2e25",
    "https://dev.jspm.io/npm:@jspm/core@2.0.1/nodelibs/assert": "d10535eedc33c732428f71cd82f4a0caf0e74fec90d6bd7c3535a8ea4389a5ce",
    "https://dev.jspm.io/npm:@jspm/core@2.0.1/nodelibs/buffer": "f6bd0a893f7d7d48422389dc81a2923809fbd24c2d6352c7f4bdd29dcad7154b",
    "https://dev.jspm.io/npm:@jspm/core@2.0.1/nodelibs/events": "e5cc37092fddd5ac75814ca2a779eda7977ef43b0b410d90c8f9323f89d80cb4",
    "https://dev.jspm.io/npm:@jspm/core@2.0.1/nodelibs/fs": "721ba251d28f561ab8b04b57938cba82b702b821bdf027b0f0c00bd7f94d3cdd",
    "https://dev.jspm.io/npm:@jspm/core@2.0.1/nodelibs/path": "3eefa6fbe73189ade0710d6dc4c725be27f0496cb5371d59c0a16b84be17e0cb",
    "https://dev.jspm.io/npm:@jspm/core@2.0.1/nodelibs/stream": "bbc5a30284349f7be148a0a9e81fbdf30d52abaf9b155554abce757bdffac50a",
    "https://dev.jspm.io/npm:@jspm/core@2.0.1/nodelibs/url": "3d7ca846b3826a38b6b6596e04446f053bcadb71b818a28333e620afd119fef7",
    "https://dev.jspm.io/npm:@jspm/core@2.0.1/nodelibs/util": "f22fa23c828774618e6f8705ce6705f5a4e1d939efc98af445805d6d9a9e4a44",
    "https://dev.jspm.io/npm:@jspm/core@2/nodelibs/fs": "9281dd30f0fbcfc282a5c235d54ed502166d109171380db7a609480e10e9627b",
    "https://dev.jspm.io/npm:handlebars@4.7.6!cjs": "7c4c3725d5fe6b6a8a54a3ee7ad431408be352766bb7ef896939c187551843f4",
    "https://dev.jspm.io/npm:handlebars@4.7.6/_/a1417093.js": "c1e9780dc6eba8b9c77b349b067229cfe6f262065260f00eb408fe25f753eb4e",
    "https://dev.jspm.io/npm:handlebars@4.7.6/_/cac9e115.js": "d712286974b51838c57eda9b84edd2187073669da612431453dd9c86aea4bafc",
    "https://dev.jspm.io/npm:handlebars@4.7.6/dist/cjs/handlebars!cjs": "39a84a96491feffb39897da2bd9a849e79cb86cf5d5cd6da63284167483ee143",
    "https://dev.jspm.io/npm:handlebars@4.7.6/dist/cjs/handlebars/compiler/ast!cjs": "9b5076563dacb44748843115b0d6c14cc66e1488fc0c17b942d9c6a7d2a16ef5",
    "https://dev.jspm.io/npm:handlebars@4.7.6/dist/cjs/handlebars/compiler/compiler!cjs": "0116ca9751cbc064ca8c8dd719a79bbcc2f9c8ba54f951afde408fa220b9bb48",
    "https://dev.jspm.io/npm:handlebars@4.7.6/dist/cjs/handlebars/compiler/javascript-compiler!cjs": "6211fdc4922bd7ff5bc4e5daac54622aa377df6e45da0384bc81916f8a78bc3d",
    "https://dev.jspm.io/npm:handlebars@4.7.6/dist/cjs/handlebars/compiler/parser!cjs": "cffdba5c6d7f1dabede1d968acbec343c3fdc3eb6abc4d973f96f06ef327bbe8",
    "https://dev.jspm.io/npm:handlebars@4.7.6/dist/cjs/handlebars/compiler/visitor!cjs": "366dfb7b33c7a525522b008d4ed3eb541e682e03e0b3d6346e584a8bade1b0e3",
    "https://dev.jspm.io/npm:handlebars@4.7.6/dist/cjs/handlebars/exception!cjs": "973fe30ab9ef17857fcf6f38657afb3c8c02735c584a54013d1ee157db471774",
    "https://dev.jspm.io/npm:handlebars@4.7.6/dist/cjs/handlebars/runtime!cjs": "be7b1fda7d4e781cb513a8fd6ccf7e9c6a459b3539395eb10544e4cc4b5b75d0",
    "https://dev.jspm.io/npm:handlebars@4.7.6/dist/cjs/handlebars/safe-string!cjs": "6b426d71581c1f2fec0b25965e739b7a553b1d58c4f4837cc397fecb2c5ea94b",
    "https://dev.jspm.io/npm:handlebars@4.7.6/dist/cjs/handlebars/utils!cjs": "b6830092192b399eaa7fe03fd9f2081a8deac657f2e501a635c5f00e43c98a23",
    "https://dev.jspm.io/npm:source-map@0.6!cjs": "98204842c2889a2728857d34114c603627cf01a601269d0aeb82d19af66d1282",
    "https://dev.jspm.io/npm:source-map@0.6.1!cjs": "d1d2e76a70ee5b91b70626a8c4ae24bed218f7282c4e306fc98db210093fee49",
    "https://dev.jspm.io/npm:source-map@0.6.1/_/b1dbe139.js": "aad45c56f326044267c6d37e24aa452e2c37426d76cc545e07ffe8c340013b7c",
    "https://dev.jspm.io/npm:source-map@0.6.1/lib/source-map-consumer!cjs": "3fc73a10b598c0bd0d29d176488755a8c1f6d3325afcb5f751a0cc7cbfac0f61",
    "https://dev.jspm.io/npm:source-map@0.6.1/lib/source-map-generator!cjs": "dc7a5810cdbfdad9fe573906ed113610940ae91ba7e575b98ae14494cff15117",
    "https://dev.jspm.io/npm:source-map@0.6.1/lib/util!cjs": "e101e0e50d54f2c5ec3393035ebd39cc1b5a77abf3323220f0954f1b0e60b462",
    "https://esm.sh/@google/generative-ai@0.24.1": "1b08807076eadeaddb89d41e9a2365e6980ec870416b808e58fd0ea6ac0a93d5",
    "https://esm.sh/@google/generative-ai@0.24.1/denonext/generative-ai.mjs": "8ccf3255b1c381129c07c22060bfc172f127e60c0bcbb782fa09c14f148a2c91",
    "https://esm.sh/@supabase/auth-js@2.71.1/denonext/auth-js.mjs": "d55f67342e652b8bdce35b0ff13ad5cc294b7e96dbd68f859b464b07c6864967",
    "https://esm.sh/@supabase/functions-js@2.4.5": "436c192af672106cd6eda10f518ed49795c21e78af5eb0d7000507e0886c6afa",
    "https://esm.sh/@supabase/functions-js@2.4.5/denonext/functions-js.mjs": "acfcb4db90c292c335a9dbb5664485f5e0b680533d68e6942abb9387ec7e0d0b",
    "https://esm.sh/@supabase/node-fetch@2.6.15/denonext/node-fetch.mjs": "0bae9052231f4f6dbccc7234d05ea96923dbf967be12f402764580b6bf9f713d",
    "https://esm.sh/@supabase/node-fetch@2.6.15?target=denonext": "4d28c4ad97328403184353f68434f2b6973971507919e9150297413664919cf3",
    "https://esm.sh/@supabase/postgrest-js@1.21.3/denonext/postgrest-js.mjs": "a9567fcd2c62b498d01514aebf82beb11acdd8242833d081bdc61d1f0227f9ef",
    "https://esm.sh/@supabase/realtime-js@2.15.4/denonext/realtime-js.mjs": "014803e3c1776dfe9c0c05c4f890252c66afce791fe1d93ecf687d7e773febcc",
    "https://esm.sh/@supabase/storage-js@2.11.0/denonext/storage-js.mjs": "86f098636aef56302e6a7389b8eba859874180b0857661be196c3cce387b6461",
    "https://esm.sh/@supabase/storage-js@2.11.0?target=denonext": "d7e8b6651554f79445c88d1beaa8c5e2fcb960a6f67449e4903f532ea3301539",
    "https://esm.sh/@supabase/supabase-js@2.56.1": "5cc7adee6789b3c1bd9959694ee1564da6005b87ef7bae8fd4e595e5959a5ccd",
    "https://esm.sh/@supabase/supabase-js@2.56.1/denonext/supabase-js.mjs": "5b73fda4c976f0061ce33ba4f403bbb03a254304d93a4eb610d1a27d10404675",
    "https://esm.sh/handlebars@4.7.8": "def31bf2d8470a7db158b64aefdf0d6d6616b4829d0dd6e219468bb79689e373",
    "https://esm.sh/handlebars@4.7.8/denonext/handlebars.mjs": "ad828b31515b9472687ef6d292423ed42c10b0e2e6dc150f4c28b7192c455565",
    "https://esm.sh/source-map@0.6.1/denonext/source-map.mjs": "ed3f2cf0c5f9561924c9b923ea8ffc24709ae31f1a90dd6c67be04c99598f626",
    "https://esm.sh/source-map@0.6.1?target=denonext": "3803db0ea481a551d1b0f98b57c3b32597fe2c03a5204fbec3aa58d1892f5fa0",
    "https://esm.sh/tr46@0.0.3/denonext/tr46.mjs": "5753ec0a99414f4055f0c1f97691100f13d88e48a8443b00aebb90a512785fa2",
    "https://esm.sh/tr46@0.0.3?target=denonext": "19cb9be0f0d418a0c3abb81f2df31f080e9540a04e43b0f699bce1149cba0cbb",
    "https://esm.sh/webidl-conversions@3.0.1/denonext/webidl-conversions.mjs": "54b5c2d50a294853c4ccebf9d5ed8988c94f4e24e463d84ec859a866ea5fafec",
    "https://esm.sh/webidl-conversions@3.0.1?target=denonext": "4e20318d50528084616c79d7b3f6e7f0fe7b6d09013bd01b3974d7448d767e29",
    "https://esm.sh/whatwg-url@5.0.0/denonext/whatwg-url.mjs": "29b16d74ee72624c915745bbd25b617cfd2248c6af0f5120d131e232a9a9af79",
    "https://esm.sh/whatwg-url@5.0.0?target=denonext": "f001a2cadf81312d214ca330033f474e74d81a003e21e8c5d70a1f46dc97b02d"
  },
  "workspace": {
    "dependencies": [
      "jsr:@std/crypto@^1.0.5"
    ],
    "packageJson": {
      "dependencies": [
        "npm:@eslint/js@^9.9.1",
        "npm:@fontsource/allura@^5.2.7",
        "npm:@fontsource/bitcount-prop-single@^5.2.1",
        "npm:@fontsource/bitcount@^5.2.1",
        "npm:@fontsource/butcherman@^5.2.7",
        "npm:@fontsource/calligraffitti@^5.2.7",
        "npm:@fontsource/chicle@^5.2.7",
        "npm:@fontsource/chokokutai@^5.2.7",
        "npm:@fontsource/cookie@^5.2.6",
        "npm:@fontsource/dancing-script@^5.2.7",
        "npm:@fontsource/eagle-lake@^5.2.6",
        "npm:@fontsource/federant@^5.2.7",
        "npm:@fontsource/fleur-de-leah@^5.2.7",
        "npm:@fontsource/fontdiner-swanky@^5.2.6",
        "npm:@fontsource/great-vibes@^5.2.7",
        "npm:@fontsource/henny-penny@^5.2.7",
        "npm:@fontsource/imperial-script@^5.2.7",
        "npm:@fontsource/indie-flower@^5.2.6",
        "npm:@fontsource/inter@^5.2.6",
        "npm:@fontsource/kablammo@^5.2.7",
        "npm:@fontsource/lobster@^5.2.7",
        "npm:@fontsource/ma-shan-zheng@^5.2.7",
        "npm:@fontsource/michroma@^5.2.7",
        "npm:@fontsource/pacifico@^5.2.6",
        "npm:@fontsource/permanent-marker@^5.2.6",
        "npm:@fontsource/poppins@^5.2.6",
        "npm:@fontsource/ribeye@^5.2.7",
        "npm:@fontsource/rubik-dirt@^5.2.6",
        "npm:@fontsource/rubik-puddles@^5.2.6",
        "npm:@fontsource/rye@^5.2.6",
        "npm:@fontsource/satisfy@^5.2.6",
        "npm:@fontsource/shizuru@^5.2.7",
        "npm:@fontsource/trade-winds@^5.2.7",
        "npm:@headlessui/react@^2.2.7",
        "npm:@react-pdf/renderer@^4.3.0",
        "npm:@supabase/supabase-js@^2.57.4",
        "npm:@types/bcrypt@6",
        "npm:@types/cors@^2.8.19",
        "npm:@types/express@^5.0.3",
        "npm:@types/file-saver@^2.0.7",
        "npm:@types/jsonwebtoken@^9.0.10",
        "npm:@types/node@^24.3.0",
        "npm:@types/react-beautiful-dnd@^13.1.8",
        "npm:@types/react-datepicker@^6.2.0",
        "npm:@types/react-dom@^18.3.0",
        "npm:@types/react-router-dom@^5.3.3",
        "npm:@types/react@^18.3.5",
        "npm:@types/string-similarity@^4.0.2",
        "npm:@vitejs/plugin-react@^4.3.1",
        "npm:autoprefixer@^10.4.18",
        "npm:bcrypt@6",
        "npm:chart.js@^4.5.0",
        "npm:cors@^2.8.5",
        "npm:dayjs@^1.11.18",
        "npm:dotenv@^17.2.1",
        "npm:eslint-plugin-react-hooks@^5.1.0-rc.0",
        "npm:eslint-plugin-react-refresh@~0.4.11",
        "npm:eslint@^9.9.1",
        "npm:express@^5.1.0",
        "npm:file-saver@^2.0.5",
        "npm:framer-motion@^12.23.24",
        "npm:globals@^15.9.0",
        "npm:handlebars@^4.7.8",
        "npm:jsonwebtoken@^9.0.2",
        "npm:lucide-react@0.344",
        "npm:pg@^8.16.3",
        "npm:postcss@^8.4.35",
        "npm:razorpay@^2.9.6",
        "npm:react-beautiful-dnd@^13.1.1",
        "npm:react-chartjs-2@^5.3.0",
        "npm:react-datepicker@^8.7.0",
        "npm:react-dom@^18.3.1",
        "npm:react-router-dom@^7.8.1",
        "npm:react-toastify@^11.0.5",
        "npm:react@^18.3.1",
        "npm:recharts@^3.1.2",
        "npm:resend@^6.0.2",
        "npm:string-similarity@^4.0.4",
        "npm:tailwindcss@^3.4.1",
        "npm:typescript-eslint@^8.3.0",
        "npm:typescript@^5.5.3",
        "npm:vite@^7.1.3",
        "npm:xlsx@~0.18.5"
      ]
    }
  }
}
